
Microsoft Visual Studio Solution File, Format Version 12.00
# Visual Studio Version 17
VisualStudioVersion = 17.14.36429.23
MinimumVisualStudioVersion = 10.0.40219.1
Project("{FAE04EC0-301F-11D3-BF4B-00C04F79EFBC}") = "ConversorCommodities", "ConversorCommodities\ConversorCommodities.csproj", "{5B34D707-0A3A-4FF2-8BFD-8D59022317EB}"
EndProject
Project("{FAE04EC0-301F-11D3-BF4B-00C04F79EFBC}") = "CalculadoraPreçoATermo", "CalculadoraPreçoATermo\CalculadoraPreçoATermo.csproj", "{5F4EADF1-2C86-4163-91F7-DFD59F002956}"
EndProject
Global
	GlobalSection(SolutionConfigurationPlatforms) = preSolution
		Debug|Any CPU = Debug|Any CPU
		Release|Any CPU = Release|Any CPU
	EndGlobalSection
	GlobalSection(ProjectConfigurationPlatforms) = postSolution
		{5B34D707-0A3A-4FF2-8BFD-8D59022317EB}.Debug|Any CPU.ActiveCfg = Debug|Any CPU
		{5B34D707-0A3A-4FF2-8BFD-8D59022317EB}.Debug|Any CPU.Build.0 = Debug|Any CPU
		{5B34D707-0A3A-4FF2-8BFD-8D59022317EB}.Release|Any CPU.ActiveCfg = Release|Any CPU
		{5B34D707-0A3A-4FF2-8BFD-8D59022317EB}.Release|Any CPU.Build.0 = Release|Any CPU
		{5F4EADF1-2C86-4163-91F7-DFD59F002956}.Debug|Any CPU.ActiveCfg = Debug|Any CPU
		{5F4EADF1-2C86-4163-91F7-DFD59F002956}.Debug|Any CPU.Build.0 = Debug|Any CPU
		{5F4EADF1-2C86-4163-91F7-DFD59F002956}.Release|Any CPU.ActiveCfg = Release|Any CPU
		{5F4EADF1-2C86-4163-91F7-DFD59F002956}.Release|Any CPU.Build.0 = Release|Any CPU
	EndGlobalSection
	GlobalSection(SolutionProperties) = preSolution
		HideSolutionNode = FALSE
	EndGlobalSection
	GlobalSection(ExtensibilityGlobals) = postSolution
		SolutionGuid = {A162D315-2A0C-4551-9785-21D17B238695}
	EndGlobalSection
EndGlobal
